
Microsoft Visual Studio Solution File, Format Version 12.00
# Visual Studio Version 16
VisualStudioVersion = 16.0.31729.503
MinimumVisualStudioVersion = 10.0.40219.1
Project("{FAE04EC0-301F-11D3-BF4B-00C04F79EFBC}") = "WPFVideo", "WPFVideo\WPFVideo.csproj", "{CDE084A5-64C8-4422-9F33-FE1C7DB87A99}"
EndProject
Global
	GlobalSection(SolutionConfigurationPlatforms) = preSolution
		Debug|Any CPU = Debug|Any CPU
		Release|Any CPU = Release|Any CPU
	EndGlobalSection
	GlobalSection(ProjectConfigurationPlatforms) = postSolution
		{CDE084A5-64C8-4422-9F33-FE1C7DB87A99}.Debug|Any CPU.ActiveCfg = Debug|Any CPU
		{CDE084A5-64C8-4422-9F33-FE1C7DB87A99}.Debug|Any CPU.Build.0 = Debug|Any CPU
		{CDE084A5-64C8-4422-9F33-FE1C7DB87A99}.Release|Any CPU.ActiveCfg = Release|Any CPU
		{CDE084A5-64C8-4422-9F33-FE1C7DB87A99}.Release|Any CPU.Build.0 = Release|Any CPU
	EndGlobalSection
	GlobalSection(SolutionProperties) = preSolution
		HideSolutionNode = FALSE
	EndGlobalSection
	GlobalSection(ExtensibilityGlobals) = postSolution
		SolutionGuid = {480DCC53-1904-41EC-8475-5EFFBCC19E9F}
	EndGlobalSection
EndGlobal
